
Microsoft Visual Studio Solution File, Format Version 12.00
# Visual Studio 14
VisualStudioVersion = 14.0.25420.1
MinimumVisualStudioVersion = 10.0.40219.1
Project("{FAE04EC0-301F-11D3-BF4B-00C04F79EFBC}") = "ORNEK14", "ORNEK14\ORNEK14.csproj", "{39ED422E-D1D2-4879-AB61-97AB50E492AB}"
EndProject
Global
	GlobalSection(SolutionConfigurationPlatforms) = preSolution
		Debug|Any CPU = Debug|Any CPU
		Release|Any CPU = Release|Any CPU
	EndGlobalSection
	GlobalSection(ProjectConfigurationPlatforms) = postSolution
		{39ED422E-D1D2-4879-AB61-97AB50E492AB}.Debug|Any CPU.ActiveCfg = Debug|Any CPU
		{39ED422E-D1D2-4879-AB61-97AB50E492AB}.Debug|Any CPU.Build.0 = Debug|Any CPU
		{39ED422E-D1D2-4879-AB61-97AB50E492AB}.Release|Any CPU.ActiveCfg = Release|Any CPU
		{39ED422E-D1D2-4879-AB61-97AB50E492AB}.Release|Any CPU.Build.0 = Release|Any CPU
	EndGlobalSection
	GlobalSection(SolutionProperties) = preSolution
		HideSolutionNode = FALSE
	EndGlobalSection
EndGlobal
