
Microsoft Visual Studio Solution File, Format Version 12.00
# Visual Studio 14
VisualStudioVersion = 14.0.25420.1
MinimumVisualStudioVersion = 10.0.40219.1
Project("{FAE04EC0-301F-11D3-BF4B-00C04F79EFBC}") = "ornek4", "ornek4\ornek4.csproj", "{79111C70-B965-4C52-82CE-8004ED1AD0EE}"
EndProject
Global
	GlobalSection(SolutionConfigurationPlatforms) = preSolution
		Debug|Any CPU = Debug|Any CPU
		Release|Any CPU = Release|Any CPU
	EndGlobalSection
	GlobalSection(ProjectConfigurationPlatforms) = postSolution
		{79111C70-B965-4C52-82CE-8004ED1AD0EE}.Debug|Any CPU.ActiveCfg = Debug|Any CPU
		{79111C70-B965-4C52-82CE-8004ED1AD0EE}.Debug|Any CPU.Build.0 = Debug|Any CPU
		{79111C70-B965-4C52-82CE-8004ED1AD0EE}.Release|Any CPU.ActiveCfg = Release|Any CPU
		{79111C70-B965-4C52-82CE-8004ED1AD0EE}.Release|Any CPU.Build.0 = Release|Any CPU
	EndGlobalSection
	GlobalSection(SolutionProperties) = preSolution
		HideSolutionNode = FALSE
	EndGlobalSection
EndGlobal
